
Microsoft Visual Studio Solution File, Format Version 12.00
# Visual Studio Version 17
VisualStudioVersion = 17.11.35312.102
MinimumVisualStudioVersion = 10.0.40219.1
Project("{FAE04EC0-301F-11D3-BF4B-00C04F79EFBC}") = "clinic", "clinic\clinic.csproj", "{C4CD4351-B5A3-4AB5-BBD1-8AE8F9F476BA}"
EndProject
Global
	GlobalSection(SolutionConfigurationPlatforms) = preSolution
		Debug|Any CPU = Debug|Any CPU
		Release|Any CPU = Release|Any CPU
	EndGlobalSection
	GlobalSection(ProjectConfigurationPlatforms) = postSolution
		{C4CD4351-B5A3-4AB5-BBD1-8AE8F9F476BA}.Debug|Any CPU.ActiveCfg = Debug|Any CPU
		{C4CD4351-B5A3-4AB5-BBD1-8AE8F9F476BA}.Debug|Any CPU.Build.0 = Debug|Any CPU
		{C4CD4351-B5A3-4AB5-BBD1-8AE8F9F476BA}.Release|Any CPU.ActiveCfg = Release|Any CPU
		{C4CD4351-B5A3-4AB5-BBD1-8AE8F9F476BA}.Release|Any CPU.Build.0 = Release|Any CPU
	EndGlobalSection
	GlobalSection(SolutionProperties) = preSolution
		HideSolutionNode = FALSE
	EndGlobalSection
	GlobalSection(ExtensibilityGlobals) = postSolution
		SolutionGuid = {9AB605D1-6934-4176-B06B-28A1C34A0339}
	EndGlobalSection
EndGlobal
